
Microsoft Visual Studio Solution File, Format Version 12.00
# Visual Studio 15
VisualStudioVersion = 15.0.28010.2026
MinimumVisualStudioVersion = 10.0.40219.1
Project("{FAE04EC0-301F-11D3-BF4B-00C04F79EFBC}") = "GUI", "GUI\GUI.csproj", "{3D412A11-C85D-4594-B653-7F3477376FB7}"
EndProject
Project("{FAE04EC0-301F-11D3-BF4B-00C04F79EFBC}") = "BLL", "BLL\BLL.csproj", "{8C275596-E26A-4FC5-BA37-31685A59ADA3}"
EndProject
Project("{FAE04EC0-301F-11D3-BF4B-00C04F79EFBC}") = "DAL", "DAL\DAL.csproj", "{C115EDCB-5BBC-4771-92A2-CD1C6283028D}"
EndProject
Project("{FAE04EC0-301F-11D3-BF4B-00C04F79EFBC}") = "DTO", "DTO\DTO.csproj", "{11DA43A0-080C-4742-94FE-6A06FC69BDB0}"
EndProject
Global
	GlobalSection(SolutionConfigurationPlatforms) = preSolution
		Debug|Any CPU = Debug|Any CPU
		Release|Any CPU = Release|Any CPU
	EndGlobalSection
	GlobalSection(ProjectConfigurationPlatforms) = postSolution
		{3D412A11-C85D-4594-B653-7F3477376FB7}.Debug|Any CPU.ActiveCfg = Debug|Any CPU
		{3D412A11-C85D-4594-B653-7F3477376FB7}.Debug|Any CPU.Build.0 = Debug|Any CPU
		{3D412A11-C85D-4594-B653-7F3477376FB7}.Release|Any CPU.ActiveCfg = Release|Any CPU
		{3D412A11-C85D-4594-B653-7F3477376FB7}.Release|Any CPU.Build.0 = Release|Any CPU
		{8C275596-E26A-4FC5-BA37-31685A59ADA3}.Debug|Any CPU.ActiveCfg = Debug|Any CPU
		{8C275596-E26A-4FC5-BA37-31685A59ADA3}.Debug|Any CPU.Build.0 = Debug|Any CPU
		{8C275596-E26A-4FC5-BA37-31685A59ADA3}.Release|Any CPU.ActiveCfg = Release|Any CPU
		{8C275596-E26A-4FC5-BA37-31685A59ADA3}.Release|Any CPU.Build.0 = Release|Any CPU
		{C115EDCB-5BBC-4771-92A2-CD1C6283028D}.Debug|Any CPU.ActiveCfg = Debug|Any CPU
		{C115EDCB-5BBC-4771-92A2-CD1C6283028D}.Debug|Any CPU.Build.0 = Debug|Any CPU
		{C115EDCB-5BBC-4771-92A2-CD1C6283028D}.Release|Any CPU.ActiveCfg = Release|Any CPU
		{C115EDCB-5BBC-4771-92A2-CD1C6283028D}.Release|Any CPU.Build.0 = Release|Any CPU
		{11DA43A0-080C-4742-94FE-6A06FC69BDB0}.Debug|Any CPU.ActiveCfg = Debug|Any CPU
		{11DA43A0-080C-4742-94FE-6A06FC69BDB0}.Debug|Any CPU.Build.0 = Debug|Any CPU
		{11DA43A0-080C-4742-94FE-6A06FC69BDB0}.Release|Any CPU.ActiveCfg = Release|Any CPU
		{11DA43A0-080C-4742-94FE-6A06FC69BDB0}.Release|Any CPU.Build.0 = Release|Any CPU
	EndGlobalSection
	GlobalSection(SolutionProperties) = preSolution
		HideSolutionNode = FALSE
	EndGlobalSection
	GlobalSection(ExtensibilityGlobals) = postSolution
		SolutionGuid = {E5E48750-4838-4406-8E41-95A42EC65F3B}
	EndGlobalSection
EndGlobal
